// !$*UTF8*$!
{
	archiveVersion = 1;
	classes = {
	};
	objectVersion = 46;
	objects = {

/* Begin PBXBuildFile section */
		F18A26FF1A8325EE0005978F /* main.m in Sources */ = {isa = PBXBuildFile; fileRef = F18A26FE1A8325EE0005978F /* main.m */; };
		F18A27021A8325EE0005978F /* AppDelegate.m in Sources */ = {isa = PBXBuildFile; fileRef = F18A27011A8325EE0005978F /* AppDelegate.m */; };
		F18A27051A8325EE0005978F /* ViewController.m in Sources */ = {isa = PBXBuildFile; fileRef = F18A27041A8325EE0005978F /* ViewController.m */; };
		F18A27081A8325EE0005978F /* Main.storyboard in Resources */ = {isa = PBXBuildFile; fileRef = F18A27061A8325EE0005978F /* Main.storyboard */; };
		F18A270A1A8325EE0005978F /* Images.xcassets in Resources */ = {isa = PBXBuildFile; fileRef = F18A27091A8325EE0005978F /* Images.xcassets */; };
		F18A270D1A8325EE0005978F /* LaunchScreen.xib in Resources */ = {isa = PBXBuildFile; fileRef = F18A270B1A8325EE0005978F /* LaunchScreen.xib */; };
		F18A27191A8325EE0005978F /* MapsTests.m in Sources */ = {isa = PBXBuildFile; fileRef = F18A27181A8325EE0005978F /* MapsTests.m */; };
		F18A27231A8325FC0005978F /* MapKit.framework in Frameworks */ = {isa = PBXBuildFile; fileRef = F18A27221A8325FC0005978F /* MapKit.framework */; };
		F18A27261A8326520005978F /* Company.m in Sources */ = {isa = PBXBuildFile; fileRef = F18A27251A8326520005978F /* Company.m */; };
		F1DBEF461AC1E4C600448749 /* LATU.gpx in Resources */ = {isa = PBXBuildFile; fileRef = F1DBEF451AC1E4C600448749 /* LATU.gpx */; };
/* End PBXBuildFile section */

/* Begin PBXContainerItemProxy section */
		F18A27131A8325EE0005978F /* PBXContainerItemProxy */ = {
			isa = PBXContainerItemProxy;
			containerPortal = F18A26F11A8325EE0005978F /* Project object */;
			proxyType = 1;
			remoteGlobalIDString = F18A26F81A8325EE0005978F;
			remoteInfo = Maps;
		};
/* End PBXContainerItemProxy section */

/* Begin PBXFileReference section */
		F18A26F91A8325EE0005978F /* Maps.app */ = {isa = PBXFileReference; explicitFileType = wrapper.application; includeInIndex = 0; path = Maps.app; sourceTree = BUILT_PRODUCTS_DIR; };
		F18A26FD1A8325EE0005978F /* Info.plist */ = {isa = PBXFileReference; lastKnownFileType = text.plist.xml; path = Info.plist; sourceTree = "<group>"; };
		F18A26FE1A8325EE0005978F /* main.m */ = {isa = PBXFileReference; lastKnownFileType = sourcecode.c.objc; path = main.m; sourceTree = "<group>"; };
		F18A27001A8325EE0005978F /* AppDelegate.h */ = {isa = PBXFileReference; lastKnownFileType = sourcecode.c.h; path = AppDelegate.h; sourceTree = "<group>"; };
		F18A27011A8325EE0005978F /* AppDelegate.m */ = {isa = PBXFileReference; lastKnownFileType = sourcecode.c.objc; path = AppDelegate.m; sourceTree = "<group>"; };
		F18A27031A8325EE0005978F /* ViewController.h */ = {isa = PBXFileReference; lastKnownFileType = sourcecode.c.h; path = ViewController.h; sourceTree = "<group>"; };
		F18A27041A8325EE0005978F /* ViewController.m */ = {isa = PBXFileReference; lastKnownFileType = sourcecode.c.objc; path = ViewController.m; sourceTree = "<group>"; };
		F18A27071A8325EE0005978F /* Base */ = {isa = PBXFileReference; lastKnownFileType = file.storyboard; name = Base; path = Base.lproj/Main.storyboard; sourceTree = "<group>"; };
		F18A27091A8325EE0005978F /* Images.xcassets */ = {isa = PBXFileReference; lastKnownFileType = folder.assetcatalog; path = Images.xcassets; sourceTree = "<group>"; };
		F18A270C1A8325EE0005978F /* Base */ = {isa = PBXFileReference; lastKnownFileType = file.xib; name = Base; path = Base.lproj/LaunchScreen.xib; sourceTree = "<group>"; };
		F18A27121A8325EE0005978F /* MapsTests.xctest */ = {isa = PBXFileReference; explicitFileType = wrapper.cfbundle; includeInIndex = 0; path = MapsTests.xctest; sourceTree = BUILT_PRODUCTS_DIR; };
		F18A27171A8325EE0005978F /* Info.plist */ = {isa = PBXFileReference; lastKnownFileType = text.plist.xml; path = Info.plist; sourceTree = "<group>"; };
		F18A27181A8325EE0005978F /* MapsTests.m */ = {isa = PBXFileReference; lastKnownFileType = sourcecode.c.objc; path = MapsTests.m; sourceTree = "<group>"; };
		F18A27221A8325FC0005978F /* MapKit.framework */ = {isa = PBXFileReference; lastKnownFileType = wrapper.framework; name = MapKit.framework; path = System/Library/Frameworks/MapKit.framework; sourceTree = SDKROOT; };
		F18A27241A8326520005978F /* Company.h */ = {isa = PBXFileReference; fileEncoding = 4; lastKnownFileType = sourcecode.c.h; path = Company.h; sourceTree = "<group>"; };
		F18A27251A8326520005978F /* Company.m */ = {isa = PBXFileReference; fileEncoding = 4; lastKnownFileType = sourcecode.c.objc; path = Company.m; sourceTree = "<group>"; };
		F1DBEF451AC1E4C600448749 /* LATU.gpx */ = {isa = PBXFileReference; fileEncoding = 4; lastKnownFileType = text.xml; path = LATU.gpx; sourceTree = "<group>"; };
/* End PBXFileReference section */

/* Begin PBXFrameworksBuildPhase section */
		F18A26F61A8325EE0005978F /* Frameworks */ = {
			isa = PBXFrameworksBuildPhase;
			buildActionMask = 2147483647;
			files = (
				F18A27231A8325FC0005978F /* MapKit.framework in Frameworks */,
			);
			runOnlyForDeploymentPostprocessing = 0;
		};
		F18A270F1A8325EE0005978F /* Frameworks */ = {
			isa = PBXFrameworksBuildPhase;
			buildActionMask = 2147483647;
			files = (
			);
			runOnlyForDeploymentPostprocessing = 0;
		};
/* End PBXFrameworksBuildPhase section */

/* Begin PBXGroup section */
		F1698AA61A832F04000B4CD1 /* Frameworks */ = {
			isa = PBXGroup;
			children = (
				F18A27221A8325FC0005978F /* MapKit.framework */,
			);
			name = Frameworks;
			sourceTree = "<group>";
		};
		F1698AA71A832F1E000B4CD1 /* Controller */ = {
			isa = PBXGroup;
			children = (
				F18A27031A8325EE0005978F /* ViewController.h */,
				F18A27041A8325EE0005978F /* ViewController.m */,
			);
			name = Controller;
			sourceTree = "<group>";
		};
		F1698AA81A832F27000B4CD1 /* Model */ = {
			isa = PBXGroup;
			children = (
				F18A27241A8326520005978F /* Company.h */,
				F18A27251A8326520005978F /* Company.m */,
			);
			name = Model;
			sourceTree = "<group>";
		};
		F18A26F01A8325EE0005978F = {
			isa = PBXGroup;
			children = (
				F1DBEF451AC1E4C600448749 /* LATU.gpx */,
				F18A26FB1A8325EE0005978F /* Maps */,
				F18A27151A8325EE0005978F /* MapsTests */,
				F1698AA61A832F04000B4CD1 /* Frameworks */,
				F18A26FA1A8325EE0005978F /* Products */,
			);
			sourceTree = "<group>";
		};
		F18A26FA1A8325EE0005978F /* Products */ = {
			isa = PBXGroup;
			children = (
				F18A26F91A8325EE0005978F /* Maps.app */,
				F18A27121A8325EE0005978F /* MapsTests.xctest */,
			);
			name = Products;
			sourceTree = "<group>";
		};
		F18A26FB1A8325EE0005978F /* Maps */ = {
			isa = PBXGroup;
			children = (
				F1698AA71A832F1E000B4CD1 /* Controller */,
				F1698AA81A832F27000B4CD1 /* Model */,
				F18A27061A8325EE0005978F /* Main.storyboard */,
				F18A27091A8325EE0005978F /* Images.xcassets */,
				F18A270B1A8325EE0005978F /* LaunchScreen.xib */,
				F18A26FC1A8325EE0005978F /* Supporting Files */,
			);
			path = Maps;
			sourceTree = "<group>";
		};
		F18A26FC1A8325EE0005978F /* Supporting Files */ = {
			isa = PBXGroup;
			children = (
				F18A27001A8325EE0005978F /* AppDelegate.h */,
				F18A27011A8325EE0005978F /* AppDelegate.m */,
				F18A26FD1A8325EE0005978F /* Info.plist */,
				F18A26FE1A8325EE0005978F /* main.m */,
			);
			name = "Supporting Files";
			sourceTree = "<group>";
		};
		F18A27151A8325EE0005978F /* MapsTests */ = {
			isa = PBXGroup;
			children = (
				F18A27181A8325EE0005978F /* MapsTests.m */,
				F18A27161A8325EE0005978F /* Supporting Files */,
			);
			path = MapsTests;
			sourceTree = "<group>";
		};
		F18A27161A8325EE0005978F /* Supporting Files */ = {
			isa = PBXGroup;
			children = (
				F18A27171A8325EE0005978F /* Info.plist */,
			);
			name = "Supporting Files";
			sourceTree = "<group>";
		};
/* End PBXGroup section */

/* Begin PBXNativeTarget section */
		F18A26F81A8325EE0005978F /* Maps */ = {
			isa = PBXNativeTarget;
			buildConfigurationList = F18A271C1A8325EE0005978F /* Build configuration list for PBXNativeTarget "Maps" */;
			buildPhases = (
				F18A26F51A8325EE0005978F /* Sources */,
				F18A26F61A8325EE0005978F /* Frameworks */,
				F18A26F71A8325EE0005978F /* Resources */,
			);
			buildRules = (
			);
			dependencies = (
			);
			name = Maps;
			productName = Maps;
			productReference = F18A26F91A8325EE0005978F /* Maps.app */;
			productType = "com.apple.product-type.application";
		};
		F18A27111A8325EE0005978F /* MapsTests */ = {
			isa = PBXNativeTarget;
			buildConfigurationList = F18A271F1A8325EE0005978F /* Build configuration list for PBXNativeTarget "MapsTests" */;
			buildPhases = (
				F18A270E1A8325EE0005978F /* Sources */,
				F18A270F1A8325EE0005978F /* Frameworks */,
				F18A27101A8325EE0005978F /* Resources */,
			);
			buildRules = (
			);
			dependencies = (
				F18A27141A8325EE0005978F /* PBXTargetDependency */,
			);
			name = MapsTests;
			productName = MapsTests;
			productReference = F18A27121A8325EE0005978F /* MapsTests.xctest */;
			productType = "com.apple.product-type.bundle.unit-test";
		};
/* End PBXNativeTarget section */

/* Begin PBXProject section */
		F18A26F11A8325EE0005978F /* Project object */ = {
			isa = PBXProject;
			attributes = {
				LastUpgradeCheck = 0610;
				ORGANIZATIONNAME = MundoMac;
				TargetAttributes = {
					F18A26F81A8325EE0005978F = {
						CreatedOnToolsVersion = 6.1.1;
					};
					F18A27111A8325EE0005978F = {
						CreatedOnToolsVersion = 6.1.1;
						TestTargetID = F18A26F81A8325EE0005978F;
					};
				};
			};
			buildConfigurationList = F18A26F41A8325EE0005978F /* Build configuration list for PBXProject "Maps" */;
			compatibilityVersion = "Xcode 3.2";
			developmentRegion = English;
			hasScannedForEncodings = 0;
			knownRegions = (
				en,
				Base,
			);
			mainGroup = F18A26F01A8325EE0005978F;
			productRefGroup = F18A26FA1A8325EE0005978F /* Products */;
			projectDirPath = "";
			projectRoot = "";
			targets = (
				F18A26F81A8325EE0005978F /* Maps */,
				F18A27111A8325EE0005978F /* MapsTests */,
			);
		};
/* End PBXProject section */

/* Begin PBXResourcesBuildPhase section */
		F18A26F71A8325EE0005978F /* Resources */ = {
			isa = PBXResourcesBuildPhase;
			buildActionMask = 2147483647;
			files = (
				F18A27081A8325EE0005978F /* Main.storyboard in Resources */,
				F1DBEF461AC1E4C600448749 /* LATU.gpx in Resources */,
				F18A270D1A8325EE0005978F /* LaunchScreen.xib in Resources */,
				F18A270A1A8325EE0005978F /* Images.xcassets in Resources */,
			);
			runOnlyForDeploymentPostprocessing = 0;
		};
		F18A27101A8325EE0005978F /* Resources */ = {
			isa = PBXResourcesBuildPhase;
			buildActionMask = 2147483647;
			files = (
			);
			runOnlyForDeploymentPostprocessing = 0;
		};
/* End PBXResourcesBuildPhase section */

/* Begin PBXSourcesBuildPhase section */
		F18A26F51A8325EE0005978F /* Sources */ = {
			isa = PBXSourcesBuildPhase;
			buildActionMask = 2147483647;
			files = (
				F18A27051A8325EE0005978F /* ViewController.m in Sources */,
				F18A27021A8325EE0005978F /* AppDelegate.m in Sources */,
				F18A26FF1A8325EE0005978F /* main.m in Sources */,
				F18A27261A8326520005978F /* Company.m in Sources */,
			);
			runOnlyForDeploymentPostprocessing = 0;
		};
		F18A270E1A8325EE0005978F /* Sources */ = {
			isa = PBXSourcesBuildPhase;
			buildActionMask = 2147483647;
			files = (
				F18A27191A8325EE0005978F /* MapsTests.m in Sources */,
			);
			runOnlyForDeploymentPostprocessing = 0;
		};
/* End PBXSourcesBuildPhase section */

/* Begin PBXTargetDependency section */
		F18A27141A8325EE0005978F /* PBXTargetDependency */ = {
			isa = PBXTargetDependency;
			target = F18A26F81A8325EE0005978F /* Maps */;
			targetProxy = F18A27131A8325EE0005978F /* PBXContainerItemProxy */;
		};
/* End PBXTargetDependency section */

/* Begin PBXVariantGroup section */
		F18A27061A8325EE0005978F /* Main.storyboard */ = {
			isa = PBXVariantGroup;
			children = (
				F18A27071A8325EE0005978F /* Base */,
			);
			name = Main.storyboard;
			sourceTree = "<group>";
		};
		F18A270B1A8325EE0005978F /* LaunchScreen.xib */ = {
			isa = PBXVariantGroup;
			children = (
				F18A270C1A8325EE0005978F /* Base */,
			);
			name = LaunchScreen.xib;
			sourceTree = "<group>";
		};
/* End PBXVariantGroup section */

/* Begin XCBuildConfiguration section */
		F18A271A1A8325EE0005978F /* Debug */ = {
			isa = XCBuildConfiguration;
			buildSettings = {
				ALWAYS_SEARCH_USER_PATHS = NO;
				CLANG_CXX_LANGUAGE_STANDARD = "gnu++0x";
				CLANG_CXX_LIBRARY = "libc++";
				CLANG_ENABLE_MODULES = YES;
				CLANG_ENABLE_OBJC_ARC = YES;
				CLANG_WARN_BOOL_CONVERSION = YES;
				CLANG_WARN_CONSTANT_CONVERSION = YES;
				CLANG_WARN_DIRECT_OBJC_ISA_USAGE = YES_ERROR;
				CLANG_WARN_EMPTY_BODY = YES;
				CLANG_WARN_ENUM_CONVERSION = YES;
				CLANG_WARN_INT_CONVERSION = YES;
				CLANG_WARN_OBJC_ROOT_CLASS = YES_ERROR;
				CLANG_WARN_UNREACHABLE_CODE = YES;
				CLANG_WARN__DUPLICATE_METHOD_MATCH = YES;
				"CODE_SIGN_IDENTITY[sdk=iphoneos*]" = "iPhone Developer";
				COPY_PHASE_STRIP = NO;
				ENABLE_STRICT_OBJC_MSGSEND = YES;
				GCC_C_LANGUAGE_STANDARD = gnu99;
				GCC_DYNAMIC_NO_PIC = NO;
				GCC_OPTIMIZATION_LEVEL = 0;
				GCC_PREPROCESSOR_DEFINITIONS = (
					"DEBUG=1",
					"$(inherited)",
				);
				GCC_SYMBOLS_PRIVATE_EXTERN = NO;
				GCC_WARN_64_TO_32_BIT_CONVERSION = YES;
				GCC_WARN_ABOUT_RETURN_TYPE = YES_ERROR;
				GCC_WARN_UNDECLARED_SELECTOR = YES;
				GCC_WARN_UNINITIALIZED_AUTOS = YES_AGGRESSIVE;
				GCC_WARN_UNUSED_FUNCTION = YES;
				GCC_WARN_UNUSED_VARIABLE = YES;
				IPHONEOS_DEPLOYMENT_TARGET = 8.1;
				MTL_ENABLE_DEBUG_INFO = YES;
				ONLY_ACTIVE_ARCH = YES;
				SDKROOT = iphoneos;
			};
			name = Debug;
		};
		F18A271B1A8325EE0005978F /* Release */ = {
			isa = XCBuildConfiguration;
			buildSettings = {
				ALWAYS_SEARCH_USER_PATHS = NO;
				CLANG_CXX_LANGUAGE_STANDARD = "gnu++0x";
				CLANG_CXX_LIBRARY = "libc++";
				CLANG_ENABLE_MODULES = YES;
				CLANG_ENABLE_OBJC_ARC = YES;
				CLANG_WARN_BOOL_CONVERSION = YES;
				CLANG_WARN_CONSTANT_CONVERSION = YES;
				CLANG_WARN_DIRECT_OBJC_ISA_USAGE = YES_ERROR;
				CLANG_WARN_EMPTY_BODY = YES;
				CLANG_WARN_ENUM_CONVERSION = YES;
				CLANG_WARN_INT_CONVERSION = YES;
				CLANG_WARN_OBJC_ROOT_CLASS = YES_ERROR;
				CLANG_WARN_UNREACHABLE_CODE = YES;
				CLANG_WARN__DUPLICATE_METHOD_MATCH = YES;
				"CODE_SIGN_IDENTITY[sdk=iphoneos*]" = "iPhone Developer";
				COPY_PHASE_STRIP = YES;
				ENABLE_NS_ASSERTIONS = NO;
				ENABLE_STRICT_OBJC_MSGSEND = YES;
				GCC_C_LANGUAGE_STANDARD = gnu99;
				GCC_WARN_64_TO_32_BIT_CONVERSION = YES;
				GCC_WARN_ABOUT_RETURN_TYPE = YES_ERROR;
				GCC_WARN_UNDECLARED_SELECTOR = YES;
				GCC_WARN_UNINITIALIZED_AUTOS = YES_AGGRESSIVE;
				GCC_WARN_UNUSED_FUNCTION = YES;
				GCC_WARN_UNUSED_VARIABLE = YES;
				IPHONEOS_DEPLOYMENT_TARGET = 8.1;
				MTL_ENABLE_DEBUG_INFO = NO;
				SDKROOT = iphoneos;
				VALIDATE_PRODUCT = YES;
			};
			name = Release;
		};
		F18A271D1A8325EE0005978F /* Debug */ = {
			isa = XCBuildConfiguration;
			buildSettings = {
				ASSETCATALOG_COMPILER_APPICON_NAME = AppIcon;
				INFOPLIST_FILE = Maps/Info.plist;
				LD_RUNPATH_SEARCH_PATHS = "$(inherited) @executable_path/Frameworks";
				PRODUCT_NAME = "$(TARGET_NAME)";
			};
			name = Debug;
		};
		F18A271E1A8325EE0005978F /* Release */ = {
			isa = XCBuildConfiguration;
			buildSettings = {
				ASSETCATALOG_COMPILER_APPICON_NAME = AppIcon;
				INFOPLIST_FILE = Maps/Info.plist;
				LD_RUNPATH_SEARCH_PATHS = "$(inherited) @executable_path/Frameworks";
				PRODUCT_NAME = "$(TARGET_NAME)";
			};
			name = Release;
		};
		F18A27201A8325EE0005978F /* Debug */ = {
			isa = XCBuildConfiguration;
			buildSettings = {
				BUNDLE_LOADER = "$(TEST_HOST)";
				FRAMEWORK_SEARCH_PATHS = (
					"$(SDKROOT)/Developer/Library/Frameworks",
					"$(inherited)",
				);
				GCC_PREPROCESSOR_DEFINITIONS = (
					"DEBUG=1",
					"$(inherited)",
				);
				INFOPLIST_FILE = MapsTests/Info.plist;
				LD_RUNPATH_SEARCH_PATHS = "$(inherited) @executable_path/Frameworks @loader_path/Frameworks";
				PRODUCT_NAME = "$(TARGET_NAME)";
				TEST_HOST = "$(BUILT_PRODUCTS_DIR)/Maps.app/Maps";
			};
			name = Debug;
		};
		F18A27211A8325EE0005978F /* Release */ = {
			isa = XCBuildConfiguration;
			buildSettings = {
				BUNDLE_LOADER = "$(TEST_HOST)";
				FRAMEWORK_SEARCH_PATHS = (
					"$(SDKROOT)/Developer/Library/Frameworks",
					"$(inherited)",
				);
				INFOPLIST_FILE = MapsTests/Info.plist;
				LD_RUNPATH_SEARCH_PATHS = "$(inherited) @executable_path/Frameworks @loader_path/Frameworks";
				PRODUCT_NAME = "$(TARGET_NAME)";
				TEST_HOST = "$(BUILT_PRODUCTS_DIR)/Maps.app/Maps";
			};
			name = Release;
		};
/* End XCBuildConfiguration section */

/* Begin XCConfigurationList section */
		F18A26F41A8325EE0005978F /* Build configuration list for PBXProject "Maps" */ = {
			isa = XCConfigurationList;
			buildConfigurations = (
				F18A271A1A8325EE0005978F /* Debug */,
				F18A271B1A8325EE0005978F /* Release */,
			);
			defaultConfigurationIsVisible = 0;
			defaultConfigurationName = Release;
		};
		F18A271C1A8325EE0005978F /* Build configuration list for PBXNativeTarget "Maps" */ = {
			isa = XCConfigurationList;
			buildConfigurations = (
				F18A271D1A8325EE0005978F /* Debug */,
				F18A271E1A8325EE0005978F /* Release */,
			);
			defaultConfigurationIsVisible = 0;
			defaultConfigurationName = Release;
		};
		F18A271F1A8325EE0005978F /* Build configuration list for PBXNativeTarget "MapsTests" */ = {
			isa = XCConfigurationList;
			buildConfigurations = (
				F18A27201A8325EE0005978F /* Debug */,
				F18A27211A8325EE0005978F /* Release */,
			);
			defaultConfigurationIsVisible = 0;
			defaultConfigurationName = Release;
		};
/* End XCConfigurationList section */
	};
	rootObject = F18A26F11A8325EE0005978F /* Project object */;
}
